# This file is automatically @generated by Cargo.
# It is not intended for manual editing.
[[package]]
name = "one-day-one-plot"
version = "0.1.0"
dependencies = [
 "svg",
]

[[package]]
name = "svg"
version = "0.8.0"
source = "registry+https://github.com/rust-lang/crates.io-index"
checksum = "0b65a64d32a41db2a8081aa03c1ccca26f246ff681add693f8b01307b137da79"
